<?xml version="1.0" encoding="utf-8"?>
<Project xmlns="http://schemas.microsoft.com/developer/msbuild/2003" ToolsVersion="4.0">
  <ItemGroup>
    <Filter Include="Header Files">
      <UniqueIdentifier>{21F2B89E-BB8F-5DDA-8B22-73497AF82FC5}</UniqueIdentifier>
    </Filter>
    <Filter Include="Header Files\App">
      <UniqueIdentifier>{4B76197D-6B33-5212-9863-5AC69A19DC95}</UniqueIdentifier>
    </Filter>
    <Filter Include="Header Files\Assets">
      <UniqueIdentifier>{48B31744-F97D-5D0E-B098-CC9ACA44D4C1}</UniqueIdentifier>
    </Filter>
    <Filter Include="Header Files\Audio">
      <UniqueIdentifier>{3E2F2D97-0A07-51F2-9C8B-43ED9C06E961}</UniqueIdentifier>
    </Filter>
    <Filter Include="Header Files\Authoring\Prefab">
      <UniqueIdentifier>{CDD50314-074C-507A-851C-1AA7A9851A3A}</UniqueIdentifier>
    </Filter>
    <Filter Include="Header Files\Authoring\Scene">
      <UniqueIdentifier>{BEF80DF6-FBCC-5DCA-8157-B7E8851D58CD}</UniqueIdentifier>
    </Filter>
    <Filter Include="Header Files\Authoring\Serialization">
      <UniqueIdentifier>{BC659C67-953B-5811-B2C0-76396719D9B3}</UniqueIdentifier>
    </Filter>
    <Filter Include="Header Files\Core">
      <UniqueIdentifier>{0EEF7E04-3871-505E-92B7-980B9E8D7189}</UniqueIdentifier>
    </Filter>
    <Filter Include="Header Files\Editor">
      <UniqueIdentifier>{71CA578D-C57F-5611-A1E1-37D8EC178F49}</UniqueIdentifier>
    </Filter>
    <Filter Include="Header Files\Editor\Controllers">
      <UniqueIdentifier>{F7DE3069-9019-58B0-8EE0-2634139F1833}</UniqueIdentifier>
    </Filter>
    <Filter Include="Header Files\Editor\Inspectors">
      <UniqueIdentifier>{80452086-2C43-596C-BF08-BBCB5BD5AC45}</UniqueIdentifier>
    </Filter>
    <Filter Include="Header Files\Editor\Panels">
      <UniqueIdentifier>{91BA0344-FA23-56DD-B4A5-B5A6152F8531}</UniqueIdentifier>
    </Filter>
    <Filter Include="Header Files\External\WIC">
      <UniqueIdentifier>{5C587921-467D-5BEF-B743-9C796B4303F8}</UniqueIdentifier>
    </Filter>
    <Filter Include="Header Files\Gfx">
      <UniqueIdentifier>{C20E0F16-4A92-5B93-A22B-D5FAB99EB87B}</UniqueIdentifier>
    </Filter>
    <Filter Include="Header Files\Platform">
      <UniqueIdentifier>{182C58ED-48EE-5EF8-B6E4-98EC63C00FE8}</UniqueIdentifier>
    </Filter>
    <Filter Include="Header Files\Render2D">
      <UniqueIdentifier>{9FE3DA1D-429B-5F91-BBD6-B20C22E2FD73}</UniqueIdentifier>
    </Filter>
    <Filter Include="Header Files\Render3D">
      <UniqueIdentifier>{01F4A5AA-0A1E-5F99-A827-DA7153BA055A}</UniqueIdentifier>
    </Filter>
    <Filter Include="Header Files\Render3D\Animation">
      <UniqueIdentifier>{B53218E4-9E64-5984-A65D-422710C4E53A}</UniqueIdentifier>
    </Filter>
    <Filter Include="Header Files\Render3D\Core">
      <UniqueIdentifier>{D537EB06-8A06-5688-947C-B8DF56F15413}</UniqueIdentifier>
    </Filter>
    <Filter Include="Header Files\Render3D\Debug">
      <UniqueIdentifier>{FA80C755-6E8E-50E8-A62A-FDA16A302B41}</UniqueIdentifier>
    </Filter>
    <Filter Include="Header Files\Render3D\Lighting">
      <UniqueIdentifier>{E163DBD5-97E8-5370-B8D1-574E8B9E4561}</UniqueIdentifier>
    </Filter>
    <Filter Include="Header Files\Runtime\Components">
      <UniqueIdentifier>{51E30DFD-5346-54FC-A35E-5F1BD051CA55}</UniqueIdentifier>
    </Filter>
    <Filter Include="Header Files\Runtime\Core">
      <UniqueIdentifier>{1955B170-75B0-569A-8801-1D2F6EC45393}</UniqueIdentifier>
    </Filter>
    <Filter Include="Header Files\Runtime\Scene">
      <UniqueIdentifier>{B47F6B30-BDF8-53FC-9E0E-B40312265375}</UniqueIdentifier>
    </Filter>
    <Filter Include="Header Files\Runtime\Systems">
      <UniqueIdentifier>{0A993761-105A-578E-BBC2-17A2A1CAC564}</UniqueIdentifier>
    </Filter>
    <Filter Include="Header Files\Services">
      <UniqueIdentifier>{9A213813-AB92-550F-BEFB-D70AC9A6AE7F}</UniqueIdentifier>
    </Filter>
    <Filter Include="Header Files\Services\Frame">
      <UniqueIdentifier>{8570702C-79EB-57F3-9BA5-42C70674E0CE}</UniqueIdentifier>
    </Filter>
    <Filter Include="Header Files\Services\Graphics">
      <UniqueIdentifier>{27621DB2-F369-5180-9A66-6F4AE644CED4}</UniqueIdentifier>
    </Filter>
    <Filter Include="Header Files\Services\Input">
      <UniqueIdentifier>{D5388910-76C5-5EC2-AF8F-95216CDB47EA}</UniqueIdentifier>
    </Filter>
    <Filter Include="Header Files\Vfx">
      <UniqueIdentifier>{73EAA95D-6F90-559B-A371-7F0ACE11F32D}</UniqueIdentifier>
    </Filter>
    <Filter Include="Header Files\Vfx\Backends">
      <UniqueIdentifier>{F7B73291-F452-53AF-9554-2087D0BA1360}</UniqueIdentifier>
    </Filter>
    <Filter Include="Header Files\Vfx\Common">
      <UniqueIdentifier>{871DFF3B-60EE-5285-8E00-853199185716}</UniqueIdentifier>
    </Filter>
    <Filter Include="Header Files\Vfx\MaterialFx">
      <UniqueIdentifier>{33F05381-8CBA-5773-80D7-256FA4180C7B}</UniqueIdentifier>
    </Filter>
    <Filter Include="Header Files\Vfx\Post">
      <UniqueIdentifier>{1CB94C11-9516-5D99-B44B-86C12CFA4E94}</UniqueIdentifier>
    </Filter>
    <Filter Include="Header Files\Vfx\Runtime">
      <UniqueIdentifier>{C3B982D5-6430-50DA-9B9D-7D55AF8DCFE9}</UniqueIdentifier>
    </Filter>
    <Filter Include="Header Files\Vfx\Transition">
      <UniqueIdentifier>{95477BEB-AF4D-56F8-9D5B-ED63FC452096}</UniqueIdentifier>
    </Filter>
    <Filter Include="Project\Config">
      <UniqueIdentifier>{F87DFEEA-A566-58F8-B13F-F58D5890999A}</UniqueIdentifier>
    </Filter>
    <Filter Include="Project\Data">
      <UniqueIdentifier>{16C6B1AD-914B-5818-843C-3F22CDC68A47}</UniqueIdentifier>
    </Filter>
    <Filter Include="Project\Shaders">
      <UniqueIdentifier>{BA109917-7C22-5DFF-A45A-D68F5A505BD0}</UniqueIdentifier>
    </Filter>
    <Filter Include="Source Files">
      <UniqueIdentifier>{3EB8B920-3594-53B1-9184-952EB28017A4}</UniqueIdentifier>
    </Filter>
    <Filter Include="Source Files\App">
      <UniqueIdentifier>{CFFD2B53-7864-5BA0-8266-64484FF7B789}</UniqueIdentifier>
    </Filter>
    <Filter Include="Source Files\Assets">
      <UniqueIdentifier>{6581AA00-3FB0-5FCF-89E4-091B6FA2C022}</UniqueIdentifier>
    </Filter>
    <Filter Include="Source Files\Audio">
      <UniqueIdentifier>{F8C61AAB-EC27-51EC-A8CB-C2864F6AF08A}</UniqueIdentifier>
    </Filter>
    <Filter Include="Source Files\Authoring\Prefab">
      <UniqueIdentifier>{5BB36C11-8424-54EA-879B-FF3CCA4F30FC}</UniqueIdentifier>
    </Filter>
    <Filter Include="Source Files\Authoring\Scene">
      <UniqueIdentifier>{E6A3DCBE-4AD3-5AC3-BC07-2001EDF41DF7}</UniqueIdentifier>
    </Filter>
    <Filter Include="Source Files\Authoring\Serialization">
      <UniqueIdentifier>{2D9F163A-B07A-5B30-8CC8-9B8C008529F9}</UniqueIdentifier>
    </Filter>
    <Filter Include="Source Files\Editor">
      <UniqueIdentifier>{72FC27DD-ED1A-5509-9933-AD5AE031D003}</UniqueIdentifier>
    </Filter>
    <Filter Include="Source Files\Editor\Controllers">
      <UniqueIdentifier>{487370FE-D17C-5A60-B03D-E2C7718B5A2E}</UniqueIdentifier>
    </Filter>
    <Filter Include="Source Files\Editor\Inspectors">
      <UniqueIdentifier>{C0CC64B3-60A6-57DC-A1CB-6A485BBCBFE7}</UniqueIdentifier>
    </Filter>
    <Filter Include="Source Files\Editor\Panels">
      <UniqueIdentifier>{557CF6D3-CB80-5B5C-B9F9-0E6C429B2734}</UniqueIdentifier>
    </Filter>
    <Filter Include="Source Files\External\WIC">
      <UniqueIdentifier>{C5F78ECC-DDC0-54F9-988D-1FED7BF351B9}</UniqueIdentifier>
    </Filter>
    <Filter Include="Source Files\Gfx">
      <UniqueIdentifier>{5FD85F18-282B-5C94-8D1E-1B0F6B4030D0}</UniqueIdentifier>
    </Filter>
    <Filter Include="Source Files\Platform">
      <UniqueIdentifier>{C8BB1B63-2AB8-5449-8763-51DD9920A972}</UniqueIdentifier>
    </Filter>
    <Filter Include="Source Files\Render2D">
      <UniqueIdentifier>{A3E14B30-BF1A-58B6-8D87-40E8C3C29BFD}</UniqueIdentifier>
    </Filter>
    <Filter Include="Source Files\Render3D">
      <UniqueIdentifier>{21EA7C18-6148-579D-B23D-CC95CB266D08}</UniqueIdentifier>
    </Filter>
    <Filter Include="Source Files\Render3D\Core">
      <UniqueIdentifier>{CDE3BB22-5ADB-513C-A09A-0BBDF0BDD10E}</UniqueIdentifier>
    </Filter>
    <Filter Include="Source Files\Render3D\Debug">
      <UniqueIdentifier>{9E8DDA1F-18A2-5159-BE3C-B79A09409D37}</UniqueIdentifier>
    </Filter>
    <Filter Include="Source Files\Render3D\Lighting">
      <UniqueIdentifier>{8AA3A04D-E04C-5748-87FA-270162D93232}</UniqueIdentifier>
    </Filter>
    <Filter Include="Source Files\Runtime\Components">
      <UniqueIdentifier>{F8CF6402-5D9E-51F7-BB64-82FF8319F71B}</UniqueIdentifier>
    </Filter>
    <Filter Include="Source Files\Runtime\Core">
      <UniqueIdentifier>{B4C4911E-3F71-5F31-9E58-0F17F23F2A67}</UniqueIdentifier>
    </Filter>
    <Filter Include="Source Files\Runtime\Scene">
      <UniqueIdentifier>{BA4234C1-D16A-5F48-90C8-C8B3178144D5}</UniqueIdentifier>
    </Filter>
    <Filter Include="Source Files\Runtime\Systems">
      <UniqueIdentifier>{852465CF-D2F2-501F-9102-0A5C39EA0B3A}</UniqueIdentifier>
    </Filter>
    <Filter Include="Source Files\ThirdParty\Spine">
      <UniqueIdentifier>{17A43EA4-08DE-5E6C-8DE2-5671950FCC9F}</UniqueIdentifier>
    </Filter>
    <Filter Include="Source Files\Vfx\Backends">
      <UniqueIdentifier>{4A0F67E5-2021-5C0F-927A-74728FBABA8D}</UniqueIdentifier>
    </Filter>
    <Filter Include="Source Files\Vfx\MaterialFx">
      <UniqueIdentifier>{5759D412-CDA4-583D-997D-D8A603FCC0F4}</UniqueIdentifier>
    </Filter>
    <Filter Include="Source Files\Vfx\Post">
      <UniqueIdentifier>{CA6C0E77-AC38-5F86-A1E0-A55D5CAE33A9}</UniqueIdentifier>
    </Filter>
    <Filter Include="Source Files\Vfx\Runtime">
      <UniqueIdentifier>{0273980C-AFD7-5736-A829-80780D2F0538}</UniqueIdentifier>
    </Filter>
    <Filter Include="Source Files\Vfx\Transition">
      <UniqueIdentifier>{AA9811D1-6F82-5BFC-8289-B033474619A5}</UniqueIdentifier>
    </Filter>
  </ItemGroup>
  <ItemGroup>
    <ClCompile Include="External\WICTextureLoader.cpp">
      <Filter>Source Files\External\WIC</Filter>
    </ClCompile>
    <ClCompile Include="HIKARI\HIKARI_Anim.cpp">
      <Filter>Source Files</Filter>
    </ClCompile>
    <ClCompile Include="HIKARI\HIKARI_Bgm.cpp">
      <Filter>Source Files</Filter>
    </ClCompile>
    <ClCompile Include="HIKARI\Render2D\HIKARI_Camera.cpp">
      <Filter>Source Files\Render2D</Filter>
    </ClCompile>
    <ClCompile Include="HIKARI\HIKARI_CollisionWorld.cpp">
      <Filter>Source Files</Filter>
    </ClCompile>
    <ClCompile Include="HIKARI\Render2D\HIKARI_DxRenderer.cpp">
      <Filter>Source Files\Render2D</Filter>
    </ClCompile>
    <ClCompile Include="HIKARI\Render2D\HIKARI_DxTexture.cpp">
      <Filter>Source Files\Render2D</Filter>
    </ClCompile>
    <ClCompile Include="HIKARI\HIKARI_DynamicUploadBuffer.cpp">
      <Filter>Source Files</Filter>
    </ClCompile>
    <ClCompile Include="HIKARI\HIKARI_GlowManager.cpp">
      <Filter>Source Files</Filter>
    </ClCompile>
    <ClCompile Include="HIKARI\HIKARI_Input.cpp">
      <Filter>Source Files</Filter>
    </ClCompile>
    <ClCompile Include="HIKARI\HIKARI_MapRoom.cpp">
      <Filter>Source Files</Filter>
    </ClCompile>
    <ClCompile Include="HIKARI\HIKARI_MultiTextureAnimator.cpp">
      <Filter>Source Files</Filter>
    </ClCompile>
    <ClCompile Include="HIKARI\Render2D\HIKARI_MeshEffect.cpp">
      <Filter>Source Files\Render2D</Filter>
    </ClCompile>
    <ClCompile Include="HIKARI\Render2D\HIKARI_Offscreen.cpp">
      <Filter>Source Files\Render2D</Filter>
    </ClCompile>
    <ClCompile Include="HIKARI\HIKARI_Particle.cpp">
      <Filter>Source Files</Filter>
    </ClCompile>
    <ClCompile Include="HIKARI\HIKARI_ParticleLab.cpp">
      <Filter>Source Files</Filter>
    </ClCompile>
    <ClCompile Include="HIKARI\HIKARI_PhysicsWorld.cpp">
      <Filter>Source Files</Filter>
    </ClCompile>
    <ClCompile Include="HIKARI\Vfx\Post\HIKARI_PostChain.cpp">
      <Filter>Source Files\Vfx\Post</Filter>
    </ClCompile>
    <ClCompile Include="HIKARI\Vfx\Post\HIKARI_PostEffect.cpp">
      <Filter>Source Files\Vfx\Post</Filter>
    </ClCompile>
    <ClCompile Include="HIKARI\Vfx\Post\HIKARI_PostQuadDrawer.cpp">
      <Filter>Source Files\Vfx\Post</Filter>
    </ClCompile>
    <ClCompile Include="HIKARI\Vfx\Post\HIKARI_PostSystem.cpp">
      <Filter>Source Files\Vfx\Post</Filter>
    </ClCompile>
    <ClCompile Include="HIKARI\Render2D\HIKARI_Renderer.cpp">
      <Filter>Source Files\Render2D</Filter>
    </ClCompile>
    <ClCompile Include="HIKARI\Render2D\HIKARI_RenderTarget2D.cpp">
      <Filter>Source Files\Render2D</Filter>
    </ClCompile>
    <ClCompile Include="HIKARI\HIKARI_SE.cpp">
      <Filter>Source Files</Filter>
    </ClCompile>
    <ClCompile Include="HIKARI\Render2D\HIKARI_SpineActor.cpp">
      <Filter>Source Files\Render2D</Filter>
    </ClCompile>
    <ClCompile Include="HIKARI\Render2D\HIKARI_SpineTextureLoader.cpp">
      <Filter>Source Files\Render2D</Filter>
    </ClCompile>
    <ClCompile Include="HIKARI\HIKARI_SpriteAnimator.cpp">
      <Filter>Source Files</Filter>
    </ClCompile>
    <ClCompile Include="HIKARI\Render2D\HIKARI_Texture.cpp">
      <Filter>Source Files\Render2D</Filter>
    </ClCompile>
    <ClCompile Include="HIKARI\HIKARI_TiledCollision.cpp">
      <Filter>Source Files</Filter>
    </ClCompile>
    <ClCompile Include="HIKARI\Render2D\HIKARI_Transform2D.cpp">
      <Filter>Source Files\Render2D</Filter>
    </ClCompile>
    <ClCompile Include="HIKARI\Render3D\HIKARI_Renderer3D.cpp">
      <Filter>Source Files\Render3D</Filter>
    </ClCompile>
    <ClCompile Include="HIKARI\Render3D\Debug\HIKARI_Renderer3D_Debug.cpp">
      <Filter>Source Files\Render3D\Debug</Filter>
    </ClCompile>
    <ClCompile Include="HIKARI\Render3D\HIKARI_LightDebugDraw.cpp">
      <Filter>Source Files\Render3D</Filter>
    </ClCompile>
    <ClCompile Include="HIKARI\Render3D\Core\HIKARI_Camera3D.cpp">
      <Filter>Source Files\Render3D\Core</Filter>
    </ClCompile>
    <ClCompile Include="HIKARI\Render3D\HIKARI_Transform3D.cpp">
      <Filter>Source Files\Render3D</Filter>
    </ClCompile>
    <ClCompile Include="HIKARI\Render3D\HIKARI_Math3D.cpp">
      <Filter>Source Files\Render3D</Filter>
    </ClCompile>
    <ClCompile Include="HIKARI\Render3D\Core\HIKARI_ModelAsset.cpp">
      <Filter>Source Files\Render3D\Core</Filter>
    </ClCompile>
    <ClCompile Include="HIKARI\Render3D\Core\HIKARI_ModelManager.cpp">
      <Filter>Source Files\Render3D\Core</Filter>
    </ClCompile>
    <ClCompile Include="HIKARI\Render3D\HIKARI_Mesh.cpp">
      <Filter>Source Files\Render3D</Filter>
    </ClCompile>
    <ClCompile Include="HIKARI\Render3D\Core\HIKARI_Material.cpp">
      <Filter>Source Files\Render3D\Core</Filter>
    </ClCompile>
    <ClCompile Include="HIKARI\Render3D\Core\HIKARI_MeshRenderer.cpp">
      <Filter>Source Files\Render3D\Core</Filter>
    </ClCompile>
    <ClCompile Include="HIKARI\Render3D\Lighting\HIKARI_SkyRenderer.cpp">
      <Filter>Source Files\Render3D\Lighting</Filter>
    </ClCompile>
    <ClCompile Include="HIKARI\Render3D\HIKARI_SkyAsset.cpp">
      <Filter>Source Files\Render3D</Filter>
    </ClCompile>
    <ClCompile Include="HIKARI\Render3D\Lighting\HIKARI_SkyManager.cpp">
      <Filter>Source Files\Render3D\Lighting</Filter>
    </ClCompile>
    <ClCompile Include="HIKARI\Render3D\Debug\HIKARI_DebugCameraController3D.cpp">
      <Filter>Source Files\Render3D\Debug</Filter>
    </ClCompile>
    <ClCompile Include="HIKARI\Editor\HIKARI_DebugMenuBar.cpp">
      <Filter>Source Files\Editor</Filter>
    </ClCompile>
    <ClCompile Include="HIKARI\Editor\HIKARI_LightingPanel.cpp">
      <Filter>Source Files\Editor</Filter>
    </ClCompile>
    <ClCompile Include="HIKARI\Editor\Panels\HIKARI_EnvironmentPanel.cpp">
      <Filter>Source Files\Editor\Panels</Filter>
    </ClCompile>
    <ClCompile Include="HIKARI\Editor\HIKARI_DebugCameraPanel.cpp">
      <Filter>Source Files\Editor</Filter>
    </ClCompile>
    <ClCompile Include="HIKARI\Editor\Controllers\HIKARI_DocumentSceneEditorController.cpp">
      <Filter>Source Files\Editor\Controllers</Filter>
    </ClCompile>
    <ClCompile Include="HIKARI\Runtime\Scene\Debug\HIKARI_ComponentGizmoRenderer.cpp">
      <Filter>Source Files\Runtime\Scene</Filter>
    </ClCompile>
    <ClCompile Include="HIKARI\Editor\HIKARI_SceneObjectAuthoringPanel.cpp">
      <Filter>Source Files\Editor</Filter>
    </ClCompile>
    <ClCompile Include="HIKARI\Editor\HIKARI_SelectionSyncService.cpp">
      <Filter>Source Files\Editor</Filter>
    </ClCompile>
    <ClCompile Include="HIKARI\Editor\Controllers\HIKARI_DocumentToolbarController.cpp">
      <Filter>Source Files\Editor\Controllers</Filter>
    </ClCompile>
    <ClCompile Include="HIKARI\Editor\HIKARI_DocumentComponentAuthoringService.cpp">
      <Filter>Source Files\Editor</Filter>
    </ClCompile>
    <ClCompile Include="HIKARI\Editor\HIKARI_ComponentDocumentEditor.cpp">
      <Filter>Source Files\Editor</Filter>
    </ClCompile>
    <ClCompile Include="HIKARI\Assets\HIKARI_AssetRegistry.cpp">
      <Filter>Source Files\Assets</Filter>
    </ClCompile>
    <ClCompile Include="HIKARI\Assets\HIKARI_AssetJsonLoader.cpp">
      <Filter>Source Files\Assets</Filter>
    </ClCompile>
    <ClCompile Include="HIKARI\Authoring\Serialization\HIKARI_SceneSerializer.cpp">
      <Filter>Source Files\Authoring\Serialization</Filter>
    </ClCompile>
    <ClCompile Include="HIKARI\Runtime\Scene\HIKARI_ComponentRegistry.cpp">
      <Filter>Source Files\Runtime\Scene</Filter>
    </ClCompile>
    <ClCompile Include="HIKARI\Authoring\Scene\HIKARI_SceneRuntimeBuilder.cpp">
      <Filter>Source Files\Authoring\Scene</Filter>
    </ClCompile>
    <ClCompile Include="HIKARI\Runtime\Scene\HIKARI_SceneRegistry.cpp">
      <Filter>Source Files\Runtime\Scene</Filter>
    </ClCompile>
    <ClCompile Include="HIKARI\Runtime\Scene\HIKARI_SceneCatalog.cpp">
      <Filter>Source Files\Runtime\Scene</Filter>
    </ClCompile>
    <ClCompile Include="HIKARI\Runtime\Scene\HIKARI_SceneFactory.cpp">
      <Filter>Source Files\Runtime\Scene</Filter>
    </ClCompile>
    <ClCompile Include="HIKARI\Runtime\Scene\HIKARI_SceneInstanceCache.cpp">
      <Filter>Source Files\Runtime\Scene</Filter>
    </ClCompile>
    <ClCompile Include="HIKARI\Runtime\Scene\HIKARI_SceneTransitionBus.cpp">
      <Filter>Source Files\Runtime\Scene</Filter>
    </ClCompile>
    <ClCompile Include="HIKARI\Runtime\Scene\HIKARI_RuntimeSceneContext.cpp">
      <Filter>Source Files\Runtime\Scene</Filter>
    </ClCompile>
    <ClCompile Include="HIKARI\Authoring\Prefab\HIKARI_PrefabSerializer.cpp">
      <Filter>Source Files\Authoring\Prefab</Filter>
    </ClCompile>
    <ClCompile Include="HIKARI\Authoring\Prefab\HIKARI_PrefabRegistry.cpp">
      <Filter>Source Files\Authoring\Prefab</Filter>
    </ClCompile>
    <ClCompile Include="HIKARI\Editor\Inspectors\HIKARI_ImGuiInspectorBuilder.cpp">
      <Filter>Source Files\Editor\Inspectors</Filter>
    </ClCompile>
    <ClCompile Include="HIKARI\Runtime\Scene\HIKARI_SceneManager.cpp">
      <Filter>Source Files\Runtime\Scene</Filter>
    </ClCompile>
    <ClCompile Include="HIKARI\Runtime\Core\HIKARI_GameObject.cpp">
      <Filter>Source Files\Runtime\Core</Filter>
    </ClCompile>
    <ClCompile Include="HIKARI\Runtime\Core\HIKARI_World.cpp">
      <Filter>Source Files\Runtime\Core</Filter>
    </ClCompile>
    <ClCompile Include="HIKARI\Runtime\Components\HIKARI_ModelComponent.cpp">
      <Filter>Source Files\Runtime\Components</Filter>
    </ClCompile>
    <ClCompile Include="HIKARI\Runtime\Components\HIKARI_UIButtonSceneTransitionComponent.cpp">
      <Filter>Source Files\Runtime\Components</Filter>
    </ClCompile>
    <ClCompile Include="HIKARI\Runtime\Components\HIKARI_SpawnPointComponent.cpp">
      <Filter>Source Files\Runtime\Components</Filter>
    </ClCompile>
    <ClCompile Include="HIKARI\Runtime\Components\HIKARI_TriggerVolumeComponent.cpp">
      <Filter>Source Files\Runtime\Components</Filter>
    </ClCompile>
    <ClCompile Include="HIKARI\Runtime\Components\HIKARI_DoorTransitionComponent.cpp">
      <Filter>Source Files\Runtime\Components</Filter>
    </ClCompile>
    <ClCompile Include="HIKARI\Scene\Scenes\HIKARI_DocumentSceneBase.cpp">
      <Filter>Source Files\Runtime\Scene</Filter>
    </ClCompile>
    <ClCompile Include="HIKARI\Scene\Scenes\HIKARI_GameDocumentScene.cpp">
      <Filter>Source Files\Runtime\Scene</Filter>
    </ClCompile>
    <ClCompile Include="HIKARI\Scene\Scenes\HIKARI_TitleScene.cpp">
      <Filter>Source Files\Runtime\Scene</Filter>
    </ClCompile>
    <ClCompile Include="HIKARI\Scene\Scenes\HIKARI_SandboxScene.cpp">
      <Filter>Source Files\Runtime\Scene</Filter>
    </ClCompile>
    <ClCompile Include="HIKARI\Editor\HIKARI_HierarchyPanel.cpp">
      <Filter>Source Files\Editor</Filter>
    </ClCompile>
    <ClCompile Include="HIKARI\Editor\HIKARI_InspectorPanel.cpp">
      <Filter>Source Files\Editor</Filter>
    </ClCompile>
    <ClCompile Include="HIKARI\Editor\HIKARI_AssetBrowserPanel.cpp">
      <Filter>Source Files\Editor</Filter>
    </ClCompile>
    <ClCompile Include="HIKARI\Editor\HIKARI_StatsPanel.cpp">
      <Filter>Source Files\Editor</Filter>
    </ClCompile>
    <ClCompile Include="HIKARI\App\HIKARI_EngineApp.cpp">
      <Filter>Source Files\App</Filter>
    </ClCompile>
    <ClCompile Include="HIKARI\Runtime\Systems\HIKARI_SystemScheduler.cpp">
      <Filter>Source Files\Runtime\Systems</Filter>
    </ClCompile>
    <ClCompile Include="HIKARI\Runtime\Systems\HIKARI_RenderSubmissionSystem.cpp">
      <Filter>Source Files\Runtime\Systems</Filter>
    </ClCompile>
    <ClCompile Include="HIKARI\Platform\HIKARI_Win32Window.cpp">
      <Filter>Source Files\Platform</Filter>
    </ClCompile>
    <ClCompile Include="HIKARI\Gfx\HIKARI_Dx12Core.cpp">
      <Filter>Source Files\Gfx</Filter>
    </ClCompile>
    <ClCompile Include="HIKARI\Audio\HIKARI_Audio.cpp">
      <Filter>Source Files\Audio</Filter>
    </ClCompile>
    <ClCompile Include="HIKARI\Audio\Backends\HIKARI_AudioBackend_Kamata.cpp">
      <Filter>Source Files\Audio</Filter>
    </ClCompile>
    <ClCompile Include="HIKARI\Vfx\Runtime\HIKARI_VfxSystem.cpp">
      <Filter>Source Files\Vfx\Runtime</Filter>
    </ClCompile>
    <ClCompile Include="HIKARI\Vfx\Runtime\HIKARI_VfxAsset.cpp">
      <Filter>Source Files\Vfx\Runtime</Filter>
    </ClCompile>
    <ClCompile Include="HIKARI\Vfx\Post\HIKARI_PostProfile.cpp">
      <Filter>Source Files\Vfx\Post</Filter>
    </ClCompile>
    <ClCompile Include="HIKARI\Vfx\MaterialFx\HIKARI_MaterialFxProfile.cpp">
      <Filter>Source Files\Vfx\MaterialFx</Filter>
    </ClCompile>
    <ClCompile Include="HIKARI\Vfx\Transition\HIKARI_TransitionProfile.cpp">
      <Filter>Source Files\Vfx\Transition</Filter>
    </ClCompile>
    <ClCompile Include="HIKARI\Vfx\Backends\HIKARI_VfxBackend_EffekseerDX12.cpp">
      <Filter>Source Files\Vfx\Backends</Filter>
    </ClCompile>
    <ClCompile Include="HIKARI\Runtime\Components\HIKARI_VfxPlayerComponent.cpp">
      <Filter>Source Files\Runtime\Components</Filter>
    </ClCompile>
    <ClCompile Include="HIKARI\Runtime\Components\HIKARI_ComponentLinkComponent.cpp">
      <Filter>Source Files\Runtime\Components</Filter>
    </ClCompile>
    <ClCompile Include="main.cpp">
      <Filter>Source Files</Filter>
    </ClCompile>
    <ClCompile Include="Matrix3x3.cpp">
      <Filter>Source Files</Filter>
    </ClCompile>
    <ClCompile Include="SpineDefaultExtensionShim.cpp">
      <Filter>Source Files</Filter>
    </ClCompile>
    <ClCompile Include="ThirdParty\spine\src\spine\Animation.cpp">
      <Filter>Source Files\ThirdParty\Spine</Filter>
    </ClCompile>
    <ClCompile Include="ThirdParty\spine\src\spine\AnimationState.cpp">
      <Filter>Source Files\ThirdParty\Spine</Filter>
    </ClCompile>
    <ClCompile Include="ThirdParty\spine\src\spine\AnimationStateData.cpp">
      <Filter>Source Files\ThirdParty\Spine</Filter>
    </ClCompile>
    <ClCompile Include="ThirdParty\spine\src\spine\Atlas.cpp">
      <Filter>Source Files\ThirdParty\Spine</Filter>
    </ClCompile>
    <ClCompile Include="ThirdParty\spine\src\spine\AtlasAttachmentLoader.cpp">
      <Filter>Source Files\ThirdParty\Spine</Filter>
    </ClCompile>
    <ClCompile Include="ThirdParty\spine\src\spine\Attachment.cpp">
      <Filter>Source Files\ThirdParty\Spine</Filter>
    </ClCompile>
    <ClCompile Include="ThirdParty\spine\src\spine\AttachmentLoader.cpp">
      <Filter>Source Files\ThirdParty\Spine</Filter>
    </ClCompile>
    <ClCompile Include="ThirdParty\spine\src\spine\AttachmentTimeline.cpp">
      <Filter>Source Files\ThirdParty\Spine</Filter>
    </ClCompile>
    <ClCompile Include="ThirdParty\spine\src\spine\Bone.cpp">
      <Filter>Source Files\ThirdParty\Spine</Filter>
    </ClCompile>
    <ClCompile Include="ThirdParty\spine\src\spine\BoneData.cpp">
      <Filter>Source Files\ThirdParty\Spine</Filter>
    </ClCompile>
    <ClCompile Include="ThirdParty\spine\src\spine\BoundingBoxAttachment.cpp">
      <Filter>Source Files\ThirdParty\Spine</Filter>
    </ClCompile>
    <ClCompile Include="ThirdParty\spine\src\spine\ClippingAttachment.cpp">
      <Filter>Source Files\ThirdParty\Spine</Filter>
    </ClCompile>
    <ClCompile Include="ThirdParty\spine\src\spine\ColorTimeline.cpp">
      <Filter>Source Files\ThirdParty\Spine</Filter>
    </ClCompile>
    <ClCompile Include="ThirdParty\spine\src\spine\ConstraintData.cpp">
      <Filter>Source Files\ThirdParty\Spine</Filter>
    </ClCompile>
    <ClCompile Include="ThirdParty\spine\src\spine\CurveTimeline.cpp">
      <Filter>Source Files\ThirdParty\Spine</Filter>
    </ClCompile>
    <ClCompile Include="ThirdParty\spine\src\spine\DeformTimeline.cpp">
      <Filter>Source Files\ThirdParty\Spine</Filter>
    </ClCompile>
    <ClCompile Include="ThirdParty\spine\src\spine\DrawOrderTimeline.cpp">
      <Filter>Source Files\ThirdParty\Spine</Filter>
    </ClCompile>
    <ClCompile Include="ThirdParty\spine\src\spine\Event.cpp">
      <Filter>Source Files\ThirdParty\Spine</Filter>
    </ClCompile>
    <ClCompile Include="ThirdParty\spine\src\spine\EventData.cpp">
      <Filter>Source Files\ThirdParty\Spine</Filter>
    </ClCompile>
    <ClCompile Include="ThirdParty\spine\src\spine\EventTimeline.cpp">
      <Filter>Source Files\ThirdParty\Spine</Filter>
    </ClCompile>
    <ClCompile Include="ThirdParty\spine\src\spine\Extension.cpp">
      <Filter>Source Files\ThirdParty\Spine</Filter>
    </ClCompile>
    <ClCompile Include="ThirdParty\spine\src\spine\IkConstraint.cpp">
      <Filter>Source Files\ThirdParty\Spine</Filter>
    </ClCompile>
    <ClCompile Include="ThirdParty\spine\src\spine\IkConstraintData.cpp">
      <Filter>Source Files\ThirdParty\Spine</Filter>
    </ClCompile>
    <ClCompile Include="ThirdParty\spine\src\spine\IkConstraintTimeline.cpp">
      <Filter>Source Files\ThirdParty\Spine</Filter>
    </ClCompile>
    <ClCompile Include="ThirdParty\spine\src\spine\InheritTimeline.cpp">
      <Filter>Source Files\ThirdParty\Spine</Filter>
    </ClCompile>
    <ClCompile Include="ThirdParty\spine\src\spine\Json.cpp">
      <Filter>Source Files\ThirdParty\Spine</Filter>
    </ClCompile>
    <ClCompile Include="ThirdParty\spine\src\spine\LinkedMesh.cpp">
      <Filter>Source Files\ThirdParty\Spine</Filter>
    </ClCompile>
    <ClCompile Include="ThirdParty\spine\src\spine\Log.cpp">
      <Filter>Source Files\ThirdParty\Spine</Filter>
    </ClCompile>
    <ClCompile Include="ThirdParty\spine\src\spine\MathUtil.cpp">
      <Filter>Source Files\ThirdParty\Spine</Filter>
    </ClCompile>
    <ClCompile Include="ThirdParty\spine\src\spine\MeshAttachment.cpp">
      <Filter>Source Files\ThirdParty\Spine</Filter>
    </ClCompile>
    <ClCompile Include="ThirdParty\spine\src\spine\PathAttachment.cpp">
      <Filter>Source Files\ThirdParty\Spine</Filter>
    </ClCompile>
    <ClCompile Include="ThirdParty\spine\src\spine\PathConstraint.cpp">
      <Filter>Source Files\ThirdParty\Spine</Filter>
    </ClCompile>
    <ClCompile Include="ThirdParty\spine\src\spine\PathConstraintData.cpp">
      <Filter>Source Files\ThirdParty\Spine</Filter>
    </ClCompile>
    <ClCompile Include="ThirdParty\spine\src\spine\PathConstraintMixTimeline.cpp">
      <Filter>Source Files\ThirdParty\Spine</Filter>
    </ClCompile>
    <ClCompile Include="ThirdParty\spine\src\spine\PathConstraintPositionTimeline.cpp">
      <Filter>Source Files\ThirdParty\Spine</Filter>
    </ClCompile>
    <ClCompile Include="ThirdParty\spine\src\spine\PathConstraintSpacingTimeline.cpp">
      <Filter>Source Files\ThirdParty\Spine</Filter>
    </ClCompile>
    <ClCompile Include="ThirdParty\spine\src\spine\PhysicsConstraint.cpp">
      <Filter>Source Files\ThirdParty\Spine</Filter>
    </ClCompile>
    <ClCompile Include="ThirdParty\spine\src\spine\PhysicsConstraintData.cpp">
      <Filter>Source Files\ThirdParty\Spine</Filter>
    </ClCompile>
    <ClCompile Include="ThirdParty\spine\src\spine\PhysicsConstraintTimeline.cpp">
      <Filter>Source Files\ThirdParty\Spine</Filter>
    </ClCompile>
    <ClCompile Include="ThirdParty\spine\src\spine\PointAttachment.cpp">
      <Filter>Source Files\ThirdParty\Spine</Filter>
    </ClCompile>
    <ClCompile Include="ThirdParty\spine\src\spine\RegionAttachment.cpp">
      <Filter>Source Files\ThirdParty\Spine</Filter>
    </ClCompile>
    <ClCompile Include="ThirdParty\spine\src\spine\RotateTimeline.cpp">
      <Filter>Source Files\ThirdParty\Spine</Filter>
    </ClCompile>
    <ClCompile Include="ThirdParty\spine\src\spine\RTTI.cpp">
      <Filter>Source Files\ThirdParty\Spine</Filter>
    </ClCompile>
    <ClCompile Include="ThirdParty\spine\src\spine\ScaleTimeline.cpp">
      <Filter>Source Files\ThirdParty\Spine</Filter>
    </ClCompile>
    <ClCompile Include="ThirdParty\spine\src\spine\Sequence.cpp">
      <Filter>Source Files\ThirdParty\Spine</Filter>
    </ClCompile>
    <ClCompile Include="ThirdParty\spine\src\spine\SequenceTimeline.cpp">
      <Filter>Source Files\ThirdParty\Spine</Filter>
    </ClCompile>
    <ClCompile Include="ThirdParty\spine\src\spine\ShearTimeline.cpp">
      <Filter>Source Files\ThirdParty\Spine</Filter>
    </ClCompile>
    <ClCompile Include="ThirdParty\spine\src\spine\Skeleton.cpp">
      <Filter>Source Files\ThirdParty\Spine</Filter>
    </ClCompile>
    <ClCompile Include="ThirdParty\spine\src\spine\SkeletonBinary.cpp">
      <Filter>Source Files\ThirdParty\Spine</Filter>
    </ClCompile>
    <ClCompile Include="ThirdParty\spine\src\spine\SkeletonBounds.cpp">
      <Filter>Source Files\ThirdParty\Spine</Filter>
    </ClCompile>
    <ClCompile Include="ThirdParty\spine\src\spine\SkeletonClipping.cpp">
      <Filter>Source Files\ThirdParty\Spine</Filter>
    </ClCompile>
    <ClCompile Include="ThirdParty\spine\src\spine\SkeletonData.cpp">
      <Filter>Source Files\ThirdParty\Spine</Filter>
    </ClCompile>
    <ClCompile Include="ThirdParty\spine\src\spine\SkeletonJson.cpp">
      <Filter>Source Files\ThirdParty\Spine</Filter>
    </ClCompile>
    <ClCompile Include="ThirdParty\spine\src\spine\SkeletonRenderer.cpp">
      <Filter>Source Files\ThirdParty\Spine</Filter>
    </ClCompile>
    <ClCompile Include="ThirdParty\spine\src\spine\Skin.cpp">
      <Filter>Source Files\ThirdParty\Spine</Filter>
    </ClCompile>
    <ClCompile Include="ThirdParty\spine\src\spine\Slot.cpp">
      <Filter>Source Files\ThirdParty\Spine</Filter>
    </ClCompile>
    <ClCompile Include="ThirdParty\spine\src\spine\SlotData.cpp">
      <Filter>Source Files\ThirdParty\Spine</Filter>
    </ClCompile>
    <ClCompile Include="ThirdParty\spine\src\spine\SpineObject.cpp">
      <Filter>Source Files\ThirdParty\Spine</Filter>
    </ClCompile>
    <ClCompile Include="ThirdParty\spine\src\spine\TextureLoader.cpp">
      <Filter>Source Files\ThirdParty\Spine</Filter>
    </ClCompile>
    <ClCompile Include="ThirdParty\spine\src\spine\Timeline.cpp">
      <Filter>Source Files\ThirdParty\Spine</Filter>
    </ClCompile>
    <ClCompile Include="ThirdParty\spine\src\spine\TransformConstraint.cpp">
      <Filter>Source Files\ThirdParty\Spine</Filter>
    </ClCompile>
    <ClCompile Include="ThirdParty\spine\src\spine\TransformConstraintData.cpp">
      <Filter>Source Files\ThirdParty\Spine</Filter>
    </ClCompile>
    <ClCompile Include="ThirdParty\spine\src\spine\TransformConstraintTimeline.cpp">
      <Filter>Source Files\ThirdParty\Spine</Filter>
    </ClCompile>
    <ClCompile Include="ThirdParty\spine\src\spine\TranslateTimeline.cpp">
      <Filter>Source Files\ThirdParty\Spine</Filter>
    </ClCompile>
    <ClCompile Include="ThirdParty\spine\src\spine\Triangulator.cpp">
      <Filter>Source Files\ThirdParty\Spine</Filter>
    </ClCompile>
    <ClCompile Include="ThirdParty\spine\src\spine\Updatable.cpp">
      <Filter>Source Files\ThirdParty\Spine</Filter>
    </ClCompile>
    <ClCompile Include="ThirdParty\spine\src\spine\VertexAttachment.cpp">
      <Filter>Source Files\ThirdParty\Spine</Filter>
    </ClCompile>
  </ItemGroup>
  <ItemGroup>
    <ClInclude Include="..\DirectXGame\3d\Camera.h">
      <Filter>Header Files</Filter>
    </ClInclude>
    <ClInclude Include="C:\KamataEngine\DirectXGame\base\StringUtility.h">
      <Filter>Header Files</Filter>
    </ClInclude>
    <ClInclude Include="C:\KamataEngine\DirectXGame\math\Matrix4x4.h">
      <Filter>Header Files</Filter>
    </ClInclude>
    <ClInclude Include="C:\KamataEngine\DirectXGame\math\Vector2.h">
      <Filter>Header Files</Filter>
    </ClInclude>
    <ClInclude Include="C:\KamataEngine\DirectXGame\math\Vector3.h">
      <Filter>Header Files</Filter>
    </ClInclude>
    <ClInclude Include="C:\KamataEngine\DirectXGame\math\Vector4.h">
      <Filter>Header Files</Filter>
    </ClInclude>
    <ClInclude Include="C:\KamataEngine\DirectXGame\3d\CircleShadow.h">
      <Filter>Header Files</Filter>
    </ClInclude>
    <ClInclude Include="C:\KamataEngine\DirectXGame\3d\DebugCamera.h">
      <Filter>Header Files</Filter>
    </ClInclude>
    <ClInclude Include="C:\KamataEngine\DirectXGame\3d\DirectionalLight.h">
      <Filter>Header Files</Filter>
    </ClInclude>
    <ClInclude Include="C:\KamataEngine\DirectXGame\3d\LightGroup.h">
      <Filter>Header Files</Filter>
    </ClInclude>
    <ClInclude Include="C:\KamataEngine\DirectXGame\3d\Material.h">
      <Filter>Header Files</Filter>
    </ClInclude>
    <ClInclude Include="C:\KamataEngine\DirectXGame\3d\Mesh.h">
      <Filter>Header Files</Filter>
    </ClInclude>
    <ClInclude Include="C:\KamataEngine\DirectXGame\3d\PointLight.h">
      <Filter>Header Files</Filter>
    </ClInclude>
    <ClInclude Include="C:\KamataEngine\DirectXGame\3d\SpotLight.h">
      <Filter>Header Files</Filter>
    </ClInclude>
    <ClInclude Include="C:\KamataEngine\DirectXGame\2d\DebugText.h">
      <Filter>Header Files</Filter>
    </ClInclude>
    <ClInclude Include="C:\KamataEngine\DirectXGame\2d\Sprite.h">
      <Filter>Header Files</Filter>
    </ClInclude>
    <ClInclude Include="C:\KamataEngine\DirectXGame\2d\ImGuiManager.h">
      <Filter>Header Files</Filter>
    </ClInclude>
    <ClInclude Include="C:\KamataEngine\DirectXGame\3d\Model.h">
      <Filter>Header Files</Filter>
    </ClInclude>
    <ClInclude Include="C:\KamataEngine\DirectXGame\3d\WorldTransform.h">
      <Filter>Header Files</Filter>
    </ClInclude>
    <ClInclude Include="C:\KamataEngine\DirectXGame\audio\Audio.h">
      <Filter>Header Files</Filter>
    </ClInclude>
    <ClInclude Include="C:\KamataEngine\DirectXGame\base\DirectXCommon.h">
      <Filter>Header Files</Filter>
    </ClInclude>
    <ClInclude Include="C:\KamataEngine\DirectXGame\base\SafeDelete.h">
      <Filter>Header Files</Filter>
    </ClInclude>
    <ClInclude Include="C:\KamataEngine\DirectXGame\base\TextureManager.h">
      <Filter>Header Files</Filter>
    </ClInclude>
    <ClInclude Include="C:\KamataEngine\DirectXGame\base\WinApp.h">
      <Filter>Header Files</Filter>
    </ClInclude>
    <ClInclude Include="C:\KamataEngine\DirectXGame\input\Input.h">
      <Filter>Header Files</Filter>
    </ClInclude>
    <ClInclude Include="C:\KamataEngine\DirectXGame\scene\GameScene.h">
      <Filter>Header Files</Filter>
    </ClInclude>
    <ClInclude Include="External\WICTextureLoader.h">
      <Filter>Header Files\External\WIC</Filter>
    </ClInclude>
    <ClInclude Include="HIKARI\HIKARI.h">
      <Filter>Header Files</Filter>
    </ClInclude>
    <ClInclude Include="HIKARI\HIKARI_Core.h">
      <Filter>Header Files</Filter>
    </ClInclude>
    <ClInclude Include="HIKARI\Services\HIKARI_Services.h">
      <Filter>Header Files\Services</Filter>
    </ClInclude>
    <ClInclude Include="HIKARI\HIKARI_2D.h">
      <Filter>Header Files</Filter>
    </ClInclude>
    <ClInclude Include="HIKARI\HIKARI_3D.h">
      <Filter>Header Files</Filter>
    </ClInclude>
    <ClInclude Include="HIKARI\Render3D\Debug\HIKARI_Renderer3D_Debug.h">
      <Filter>Header Files\Render3D\Debug</Filter>
    </ClInclude>
    <ClInclude Include="HIKARI\Render3D\HIKARI_LightDebugDraw.h">
      <Filter>Header Files\Render3D</Filter>
    </ClInclude>
    <ClInclude Include="HIKARI\Render3D\HIKARI_Mesh.h">
      <Filter>Header Files\Render3D</Filter>
    </ClInclude>
    <ClInclude Include="HIKARI\Render3D\Core\HIKARI_Material.h">
      <Filter>Header Files\Render3D\Core</Filter>
    </ClInclude>
    <ClInclude Include="HIKARI\Render3D\Core\HIKARI_MeshRenderer.h">
      <Filter>Header Files\Render3D\Core</Filter>
    </ClInclude>
    <ClInclude Include="HIKARI\Render3D\Core\HIKARI_ModelAsset.h">
      <Filter>Header Files\Render3D\Core</Filter>
    </ClInclude>
    <ClInclude Include="HIKARI\Render3D\Core\HIKARI_ModelManager.h">
      <Filter>Header Files\Render3D\Core</Filter>
    </ClInclude>
    <ClInclude Include="HIKARI\Runtime\Scene\HIKARI_IScene.h">
      <Filter>Header Files\Runtime\Scene</Filter>
    </ClInclude>
    <ClInclude Include="HIKARI\Runtime\Scene\HIKARI_SceneManager.h">
      <Filter>Header Files\Runtime\Scene</Filter>
    </ClInclude>
    <ClInclude Include="HIKARI\Runtime\Core\HIKARI_GameObject.h">
      <Filter>Header Files\Runtime\Core</Filter>
    </ClInclude>
    <ClInclude Include="HIKARI\Runtime\Core\HIKARI_World.h">
      <Filter>Header Files\Runtime\Core</Filter>
    </ClInclude>
    <ClInclude Include="HIKARI\Runtime\Components\HIKARI_IComponent.h">
      <Filter>Header Files\Runtime\Components</Filter>
    </ClInclude>
    <ClInclude Include="HIKARI\Runtime\Components\HIKARI_ModelComponent.h">
      <Filter>Header Files\Runtime\Components</Filter>
    </ClInclude>
    <ClInclude Include="HIKARI\Runtime\Components\HIKARI_UIButtonSceneTransitionComponent.h">
      <Filter>Header Files\Runtime\Components</Filter>
    </ClInclude>
    <ClInclude Include="HIKARI\Runtime\Components\HIKARI_SpawnPointComponent.h">
      <Filter>Header Files\Runtime\Components</Filter>
    </ClInclude>
    <ClInclude Include="HIKARI\Runtime\Components\HIKARI_TriggerVolumeComponent.h">
      <Filter>Header Files\Runtime\Components</Filter>
    </ClInclude>
    <ClInclude Include="HIKARI\Runtime\Components\HIKARI_DoorTransitionComponent.h">
      <Filter>Header Files\Runtime\Components</Filter>
    </ClInclude>
    <ClInclude Include="HIKARI\Vfx\HIKARI_VfxTypes.h">
      <Filter>Header Files\Vfx</Filter>
    </ClInclude>
    <ClInclude Include="HIKARI\Vfx\Runtime\HIKARI_VfxSystem.h">
      <Filter>Header Files\Vfx\Runtime</Filter>
    </ClInclude>
    <ClInclude Include="HIKARI\Vfx\Runtime\HIKARI_VfxAsset.h">
      <Filter>Header Files\Vfx\Runtime</Filter>
    </ClInclude>
    <ClInclude Include="HIKARI\Vfx\Common\HIKARI_FxTypes.h">
      <Filter>Header Files\Vfx\Common</Filter>
    </ClInclude>
    <ClInclude Include="HIKARI\Vfx\Post\HIKARI_PostProfile.h">
      <Filter>Header Files\Vfx\Post</Filter>
    </ClInclude>
    <ClInclude Include="HIKARI\Vfx\MaterialFx\HIKARI_MaterialFxProfile.h">
      <Filter>Header Files\Vfx\MaterialFx</Filter>
    </ClInclude>
    <ClInclude Include="HIKARI\Vfx\Transition\HIKARI_TransitionProfile.h">
      <Filter>Header Files\Vfx\Transition</Filter>
    </ClInclude>
    <ClInclude Include="HIKARI\Vfx\Backends\HIKARI_VfxBackend_EffekseerDX12.h">
      <Filter>Header Files\Vfx\Backends</Filter>
    </ClInclude>
    <ClInclude Include="HIKARI\Runtime\Components\HIKARI_VfxPlayerComponent.h">
      <Filter>Header Files\Runtime\Components</Filter>
    </ClInclude>
    <ClInclude Include="HIKARI\Runtime\Components\HIKARI_ComponentLinkComponent.h">
      <Filter>Header Files\Runtime\Components</Filter>
    </ClInclude>
    <ClInclude Include="HIKARI\Authoring\Prefab\HIKARI_PrefabDocument.h">
      <Filter>Header Files\Authoring\Prefab</Filter>
    </ClInclude>
    <ClInclude Include="HIKARI\Authoring\Prefab\HIKARI_PrefabSerializer.h">
      <Filter>Header Files\Authoring\Prefab</Filter>
    </ClInclude>
    <ClInclude Include="HIKARI\Authoring\Prefab\HIKARI_PrefabRegistry.h">
      <Filter>Header Files\Authoring\Prefab</Filter>
    </ClInclude>
    <ClInclude Include="HIKARI\Scene\Scenes\HIKARI_DocumentSceneBase.h">
      <Filter>Header Files\Runtime\Scene</Filter>
    </ClInclude>
    <ClInclude Include="HIKARI\Scene\Scenes\HIKARI_GameDocumentScene.h">
      <Filter>Header Files\Runtime\Scene</Filter>
    </ClInclude>
    <ClInclude Include="HIKARI\Scene\Scenes\HIKARI_TitleScene.h">
      <Filter>Header Files\Runtime\Scene</Filter>
    </ClInclude>
    <ClInclude Include="HIKARI\Scene\Scenes\HIKARI_SandboxScene.h">
      <Filter>Header Files\Runtime\Scene</Filter>
    </ClInclude>
    <ClInclude Include="HIKARI\Editor\HIKARI_EditorContext.h">
      <Filter>Header Files\Editor</Filter>
    </ClInclude>
    <ClInclude Include="HIKARI\Editor\HIKARI_EditorSelection.h">
      <Filter>Header Files\Editor</Filter>
    </ClInclude>
    <ClInclude Include="HIKARI\Editor\HIKARI_HierarchyPanel.h">
      <Filter>Header Files\Editor</Filter>
    </ClInclude>
    <ClInclude Include="HIKARI\Editor\HIKARI_ComponentDocumentEditor.h">
      <Filter>Header Files\Editor</Filter>
    </ClInclude>
    <ClInclude Include="HIKARI\Editor\HIKARI_InspectorPanel.h">
      <Filter>Header Files\Editor</Filter>
    </ClInclude>
    <ClInclude Include="HIKARI\Editor\HIKARI_AssetBrowserPanel.h">
      <Filter>Header Files\Editor</Filter>
    </ClInclude>
    <ClInclude Include="HIKARI\Editor\HIKARI_StatsPanel.h">
      <Filter>Header Files\Editor</Filter>
    </ClInclude>
    <ClInclude Include="HIKARI\Render3D\Debug\HIKARI_DebugCameraController3D.h">
      <Filter>Header Files\Render3D\Debug</Filter>
    </ClInclude>
    <ClInclude Include="HIKARI\Render3D\HIKARI_SceneLighting.h">
      <Filter>Header Files\Render3D</Filter>
    </ClInclude>
    <ClInclude Include="HIKARI\Render3D\Lighting\HIKARI_SceneEnvironment.h">
      <Filter>Header Files\Render3D\Lighting</Filter>
    </ClInclude>
    <ClInclude Include="HIKARI\Render3D\Lighting\HIKARI_SkyRenderer.h">
      <Filter>Header Files\Render3D\Lighting</Filter>
    </ClInclude>
    <ClInclude Include="HIKARI\Render3D\HIKARI_SkyAsset.h">
      <Filter>Header Files\Render3D</Filter>
    </ClInclude>
    <ClInclude Include="HIKARI\Render3D\Lighting\HIKARI_SkyManager.h">
      <Filter>Header Files\Render3D\Lighting</Filter>
    </ClInclude>
    <ClInclude Include="HIKARI\Editor\Panels\HIKARI_EnvironmentPanel.h">
      <Filter>Header Files\Editor\Panels</Filter>
    </ClInclude>
    <ClInclude Include="HIKARI\Editor\HIKARI_DebugWindowState.h">
      <Filter>Header Files\Editor</Filter>
    </ClInclude>
    <ClInclude Include="HIKARI\Editor\Controllers\HIKARI_DocumentSceneEditorController.h">
      <Filter>Header Files\Editor\Controllers</Filter>
    </ClInclude>
    <ClInclude Include="HIKARI\Runtime\Scene\Debug\HIKARI_ComponentGizmoRenderer.h">
      <Filter>Header Files\Runtime\Scene</Filter>
    </ClInclude>
    <ClInclude Include="HIKARI\Editor\HIKARI_SceneObjectAuthoringPanel.h">
      <Filter>Header Files\Editor</Filter>
    </ClInclude>
    <ClInclude Include="HIKARI\Editor\HIKARI_SelectionSyncService.h">
      <Filter>Header Files\Editor</Filter>
    </ClInclude>
    <ClInclude Include="HIKARI\Editor\Controllers\HIKARI_DocumentToolbarController.h">
      <Filter>Header Files\Editor\Controllers</Filter>
    </ClInclude>
    <ClInclude Include="HIKARI\Editor\HIKARI_DocumentComponentAuthoringService.h">
      <Filter>Header Files\Editor</Filter>
    </ClInclude>
    <ClInclude Include="HIKARI\Assets\HIKARI_AssetTypes.h">
      <Filter>Header Files\Assets</Filter>
    </ClInclude>
    <ClInclude Include="HIKARI\Assets\HIKARI_AssetRegistry.h">
      <Filter>Header Files\Assets</Filter>
    </ClInclude>
    <ClInclude Include="HIKARI\Assets\HIKARI_AssetJsonLoader.h">
      <Filter>Header Files\Assets</Filter>
    </ClInclude>
    <ClInclude Include="HIKARI\Authoring\Scene\HIKARI_SceneDocument.h">
      <Filter>Header Files\Authoring\Scene</Filter>
    </ClInclude>
    <ClInclude Include="HIKARI\Authoring\Serialization\HIKARI_SceneSerializer.h">
      <Filter>Header Files\Authoring\Serialization</Filter>
    </ClInclude>
    <ClInclude Include="HIKARI\Runtime\Scene\HIKARI_ComponentRegistry.h">
      <Filter>Header Files\Runtime\Scene</Filter>
    </ClInclude>
    <ClInclude Include="HIKARI\Authoring\Scene\HIKARI_SceneRuntimeBuilder.h">
      <Filter>Header Files\Authoring\Scene</Filter>
    </ClInclude>
    <ClInclude Include="HIKARI\Runtime\Scene\HIKARI_SceneRegistry.h">
      <Filter>Header Files\Runtime\Scene</Filter>
    </ClInclude>
    <ClInclude Include="HIKARI\Runtime\Scene\HIKARI_SceneCatalog.h">
      <Filter>Header Files\Runtime\Scene</Filter>
    </ClInclude>
    <ClInclude Include="HIKARI\Runtime\Scene\HIKARI_SceneFactory.h">
      <Filter>Header Files\Runtime\Scene</Filter>
    </ClInclude>
    <ClInclude Include="HIKARI\Runtime\Scene\HIKARI_SceneInstanceCache.h">
      <Filter>Header Files\Runtime\Scene</Filter>
    </ClInclude>
    <ClInclude Include="HIKARI\Runtime\Scene\HIKARI_SceneTransitionBus.h">
      <Filter>Header Files\Runtime\Scene</Filter>
    </ClInclude>
    <ClInclude Include="HIKARI\Runtime\Scene\HIKARI_RuntimeSceneContext.h">
      <Filter>Header Files\Runtime\Scene</Filter>
    </ClInclude>
    <ClInclude Include="HIKARI\Editor\Inspectors\HIKARI_IInspectorBuilder.h">
      <Filter>Header Files\Editor\Inspectors</Filter>
    </ClInclude>
    <ClInclude Include="HIKARI\Editor\Inspectors\HIKARI_ImGuiInspectorBuilder.h">
      <Filter>Header Files\Editor\Inspectors</Filter>
    </ClInclude>
    <ClInclude Include="HIKARI\Editor\HIKARI_DebugMenuBar.h">
      <Filter>Header Files\Editor</Filter>
    </ClInclude>
    <ClInclude Include="HIKARI\Editor\HIKARI_LightingPanel.h">
      <Filter>Header Files\Editor</Filter>
    </ClInclude>
    <ClInclude Include="HIKARI\Editor\HIKARI_DebugCameraPanel.h">
      <Filter>Header Files\Editor</Filter>
    </ClInclude>
    <ClInclude Include="HIKARI\App\HIKARI_EngineApp.h">
      <Filter>Header Files\App</Filter>
    </ClInclude>
    <ClInclude Include="HIKARI\HIKARI_Services.h">
      <Filter>Header Files</Filter>
    </ClInclude>
    <ClInclude Include="HIKARI\Services\HIKARI_Services.h">
      <Filter>Header Files\Services</Filter>
    </ClInclude>
    <ClInclude Include="HIKARI\Services\Frame\HIKARI_FrameContext.h">
      <Filter>Header Files\Services\Frame</Filter>
    </ClInclude>
    <ClInclude Include="HIKARI\Services\Frame\HIKARI_TimeService.h">
      <Filter>Header Files\Services\Frame</Filter>
    </ClInclude>
    <ClInclude Include="HIKARI\Services\Input\HIKARI_InputService.h">
      <Filter>Header Files\Services\Input</Filter>
    </ClInclude>
    <ClInclude Include="HIKARI\Services\Graphics\HIKARI_GraphicsService.h">
      <Filter>Header Files\Services\Graphics</Filter>
    </ClInclude>
    <ClInclude Include="HIKARI\Runtime\Systems\HIKARI_ISystem.h">
      <Filter>Header Files\Runtime\Systems</Filter>
    </ClInclude>
    <ClInclude Include="HIKARI\Runtime\Systems\HIKARI_SystemScheduler.h">
      <Filter>Header Files\Runtime\Systems</Filter>
    </ClInclude>
    <ClInclude Include="HIKARI\Runtime\Systems\HIKARI_RenderSubmissionSystem.h">
      <Filter>Header Files\Runtime\Systems</Filter>
    </ClInclude>
    <ClInclude Include="HIKARI\Render3D\HIKARI_Model.h">
      <Filter>Header Files\Render3D</Filter>
    </ClInclude>
    <ClInclude Include="HIKARI\Render3D\Animation\HIKARI_Animator.h">
      <Filter>Header Files\Render3D\Animation</Filter>
    </ClInclude>
    <ClInclude Include="HIKARI\HIKARI_Anim.h">
      <Filter>Header Files</Filter>
    </ClInclude>
    <ClInclude Include="HIKARI\HIKARI_Bgm.h">
      <Filter>Header Files</Filter>
    </ClInclude>
    <ClInclude Include="HIKARI\HIKARI_Body2D.h">
      <Filter>Header Files</Filter>
    </ClInclude>
    <ClInclude Include="HIKARI\Audio\Backends\HIKARI_AudioBackend_Kamata.h">
      <Filter>Header Files\Audio</Filter>
    </ClInclude>
    <ClInclude Include="HIKARI\Audio\HIKARI_IAudioBackend.h">
      <Filter>Header Files\Audio</Filter>
    </ClInclude>
    <ClInclude Include="HIKARI\Audio\HIKARI_Audio.h">
      <Filter>Header Files\Audio</Filter>
    </ClInclude>
    <ClInclude Include="HIKARI\Gfx\HIKARI_GfxContext.h">
      <Filter>Header Files\Gfx</Filter>
    </ClInclude>
    <ClInclude Include="HIKARI\Gfx\HIKARI_Dx12Core.h">
      <Filter>Header Files\Gfx</Filter>
    </ClInclude>
    <ClInclude Include="HIKARI\Platform\HIKARI_Win32Window.h">
      <Filter>Header Files\Platform</Filter>
    </ClInclude>
    <ClInclude Include="HIKARI\Render2D\HIKARI_Camera.h">
      <Filter>Header Files\Render2D</Filter>
    </ClInclude>
    <ClInclude Include="HIKARI\HIKARI_Collision.h">
      <Filter>Header Files</Filter>
    </ClInclude>
    <ClInclude Include="HIKARI\HIKARI_CollisionWorld.h">
      <Filter>Header Files</Filter>
    </ClInclude>
    <ClInclude Include="HIKARI\HIKARI_D3DBlobCompat.h">
      <Filter>Header Files</Filter>
    </ClInclude>
    <ClInclude Include="HIKARI\Render2D\HIKARI_DxRenderer.h">
      <Filter>Header Files\Render2D</Filter>
    </ClInclude>
    <ClInclude Include="HIKARI\Render2D\HIKARI_DxTexture.h">
      <Filter>Header Files\Render2D</Filter>
    </ClInclude>
    <ClInclude Include="HIKARI\HIKARI_DynamicUploadBuffer.h">
      <Filter>Header Files</Filter>
    </ClInclude>
    <ClInclude Include="HIKARI\HIKARI_GlowManager.h">
      <Filter>Header Files</Filter>
    </ClInclude>
    <ClInclude Include="HIKARI\HIKARI_Input.h">
      <Filter>Header Files</Filter>
    </ClInclude>
    <ClInclude Include="HIKARI\HIKARI_MapRoom.h">
      <Filter>Header Files</Filter>
    </ClInclude>
    <ClInclude Include="HIKARI\HIKARI_MultiTextureAnimator.h">
      <Filter>Header Files</Filter>
    </ClInclude>
    <ClInclude Include="HIKARI\Render2D\HIKARI_MeshEffect.h">
      <Filter>Header Files\Render2D</Filter>
    </ClInclude>
    <ClInclude Include="HIKARI\Render2D\HIKARI_Offscreen.h">
      <Filter>Header Files\Render2D</Filter>
    </ClInclude>
    <ClInclude Include="HIKARI\HIKARI_Particle.h">
      <Filter>Header Files</Filter>
    </ClInclude>
    <ClInclude Include="HIKARI\HIKARI_ParticleLab.h">
      <Filter>Header Files</Filter>
    </ClInclude>
    <ClInclude Include="HIKARI\HIKARI_PhysicsWorld.h">
      <Filter>Header Files</Filter>
    </ClInclude>
    <ClInclude Include="HIKARI\Vfx\Post\HIKARI_PostChain.h">
      <Filter>Header Files\Vfx\Post</Filter>
    </ClInclude>
    <ClInclude Include="HIKARI\Vfx\Post\HIKARI_PostCommon.h">
      <Filter>Header Files\Vfx\Post</Filter>
    </ClInclude>
    <ClInclude Include="HIKARI\Vfx\Post\HIKARI_PostEffect.h">
      <Filter>Header Files\Vfx\Post</Filter>
    </ClInclude>
    <ClInclude Include="HIKARI\Vfx\Post\HIKARI_PostQuadDrawer.h">
      <Filter>Header Files\Vfx\Post</Filter>
    </ClInclude>
    <ClInclude Include="HIKARI\Vfx\Post\HIKARI_PostSystem.h">
      <Filter>Header Files\Vfx\Post</Filter>
    </ClInclude>
    <ClInclude Include="HIKARI\Render2D\HIKARI_Renderer.h">
      <Filter>Header Files\Render2D</Filter>
    </ClInclude>
    <ClInclude Include="HIKARI\Render2D\HIKARI_RenderTarget2D.h">
      <Filter>Header Files\Render2D</Filter>
    </ClInclude>
    <ClInclude Include="HIKARI\HIKARI_SE.h">
      <Filter>Header Files</Filter>
    </ClInclude>
    <ClInclude Include="HIKARI\Render2D\HIKARI_SpineActor.h">
      <Filter>Header Files\Render2D</Filter>
    </ClInclude>
    <ClInclude Include="HIKARI\Render2D\HIKARI_SpineTextureLoader.h">
      <Filter>Header Files\Render2D</Filter>
    </ClInclude>
    <ClInclude Include="HIKARI\HIKARI_SpriteAnimator.h">
      <Filter>Header Files</Filter>
    </ClInclude>
    <ClInclude Include="HIKARI\Render2D\HIKARI_Texture.h">
      <Filter>Header Files\Render2D</Filter>
    </ClInclude>
    <ClInclude Include="HIKARI\HIKARI_TiledCollision.h">
      <Filter>Header Files</Filter>
    </ClInclude>
    <ClInclude Include="HIKARI\Render2D\HIKARI_Transform2D.h">
      <Filter>Header Files\Render2D</Filter>
    </ClInclude>
    <ClInclude Include="HIKARI\Render3D\HIKARI_Renderer3D.h">
      <Filter>Header Files\Render3D</Filter>
    </ClInclude>
    <ClInclude Include="HIKARI\Render3D\Core\HIKARI_Camera3D.h">
      <Filter>Header Files\Render3D\Core</Filter>
    </ClInclude>
    <ClInclude Include="HIKARI\Render3D\HIKARI_Transform3D.h">
      <Filter>Header Files\Render3D</Filter>
    </ClInclude>
    <ClInclude Include="HIKARI\Render3D\HIKARI_Math3D.h">
      <Filter>Header Files\Render3D</Filter>
    </ClInclude>
    <ClInclude Include="HIKARI\Core\HIKARI_MathConfig.h">
      <Filter>Header Files\Core</Filter>
    </ClInclude>
    <ClInclude Include="HIKARI\Core\HIKARI_Utility.h">
      <Filter>Header Files\Core</Filter>
    </ClInclude>
    <ClInclude Include="HIKARI\Matrix3x3.h">
      <Filter>Header Files</Filter>
    </ClInclude>
  </ItemGroup>
  <ItemGroup>
    <None Include="input.json">
      <Filter>Project\Config</Filter>
    </None>
    <None Include="Data\transition_profiles\noise_wipe.json">
      <Filter>Project\Data</Filter>
    </None>
    <None Include="HIKARI\Shaders\Post_TransitionNoiseWipePS.hlsl">
      <Filter>Project\Shaders</Filter>
    </None>
  </ItemGroup>
</Project>
